# This file is automatically @generated by Wally.
# It is not intended for manual editing.
registry = "test"

[[package]]
name = "data-oriented-house/lemonsignal"
version = "1.11.0"
dependencies = []

[[package]]
name = "evaera/promise"
version = "4.0.0"
dependencies = []

[[package]]
name = "theterrierknight/frigate"
version = "0.1.0"
dependencies = [["lemonsignal", "data-oriented-house/lemonsignal@1.11.0"], ["promise", "evaera/promise@4.0.0"]]
